
Microsoft Visual Studio Solution File, Format Version 12.00
# Visual Studio Version 16
VisualStudioVersion = 16.0.29911.98
MinimumVisualStudioVersion = 10.0.40219.1
Project("{9A19103F-16F7-4668-BE54-9A1E7A4F7556}") = "Fanda.Service", "Fanda.Service\Fanda.Service.csproj", "{5FFA524D-D5CE-45D5-90DB-08B115D06A9A}"
EndProject
Project("{9A19103F-16F7-4668-BE54-9A1E7A4F7556}") = "Fanda.Data", "Fanda.Data\Fanda.Data.csproj", "{4BB505B2-BEB4-4FED-AAC5-68A753BDCB95}"
EndProject
Project("{9A19103F-16F7-4668-BE54-9A1E7A4F7556}") = "Fanda.Common", "Fanda.Common\Fanda.Common.csproj", "{22A5D35E-ED75-4BC7-AD46-C9BAC976F7C3}"
EndProject
Project("{9A19103F-16F7-4668-BE54-9A1E7A4F7556}") = "Fanda.ViewModel", "Fanda.ViewModel\Fanda.ViewModel.csproj", "{9C1A5085-3949-4065-8C45-0A95352F8E18}"
EndProject
Project("{9A19103F-16F7-4668-BE54-9A1E7A4F7556}") = "FandaTabler", "FandaTabler\FandaTabler.csproj", "{75E0E57F-4A11-4ED2-8788-64F37FEE7A89}"
EndProject
Project("{9A19103F-16F7-4668-BE54-9A1E7A4F7556}") = "DataTables.Queryable", "DataTables.Queryable\DataTables.Queryable.csproj", "{156B599F-42A1-4A3C-AB99-6DCE69A741CC}"
EndProject
Project("{9A19103F-16F7-4668-BE54-9A1E7A4F7556}") = "FandaCoreUI", "FandaCoreUI\FandaCoreUI.csproj", "{F1ACA8E4-0A99-476D-BAC3-981B561476DB}"
EndProject
Global
	GlobalSection(SolutionConfigurationPlatforms) = preSolution
		Debug|Any CPU = Debug|Any CPU
		Release|Any CPU = Release|Any CPU
	EndGlobalSection
	GlobalSection(ProjectConfigurationPlatforms) = postSolution
		{5FFA524D-D5CE-45D5-90DB-08B115D06A9A}.Debug|Any CPU.ActiveCfg = Debug|Any CPU
		{5FFA524D-D5CE-45D5-90DB-08B115D06A9A}.Debug|Any CPU.Build.0 = Debug|Any CPU
		{5FFA524D-D5CE-45D5-90DB-08B115D06A9A}.Release|Any CPU.ActiveCfg = Release|Any CPU
		{5FFA524D-D5CE-45D5-90DB-08B115D06A9A}.Release|Any CPU.Build.0 = Release|Any CPU
		{4BB505B2-BEB4-4FED-AAC5-68A753BDCB95}.Debug|Any CPU.ActiveCfg = Debug|Any CPU
		{4BB505B2-BEB4-4FED-AAC5-68A753BDCB95}.Debug|Any CPU.Build.0 = Debug|Any CPU
		{4BB505B2-BEB4-4FED-AAC5-68A753BDCB95}.Release|Any CPU.ActiveCfg = Release|Any CPU
		{4BB505B2-BEB4-4FED-AAC5-68A753BDCB95}.Release|Any CPU.Build.0 = Release|Any CPU
		{22A5D35E-ED75-4BC7-AD46-C9BAC976F7C3}.Debug|Any CPU.ActiveCfg = Debug|Any CPU
		{22A5D35E-ED75-4BC7-AD46-C9BAC976F7C3}.Debug|Any CPU.Build.0 = Debug|Any CPU
		{22A5D35E-ED75-4BC7-AD46-C9BAC976F7C3}.Release|Any CPU.ActiveCfg = Release|Any CPU
		{22A5D35E-ED75-4BC7-AD46-C9BAC976F7C3}.Release|Any CPU.Build.0 = Release|Any CPU
		{9C1A5085-3949-4065-8C45-0A95352F8E18}.Debug|Any CPU.ActiveCfg = Debug|Any CPU
		{9C1A5085-3949-4065-8C45-0A95352F8E18}.Debug|Any CPU.Build.0 = Debug|Any CPU
		{9C1A5085-3949-4065-8C45-0A95352F8E18}.Release|Any CPU.ActiveCfg = Release|Any CPU
		{9C1A5085-3949-4065-8C45-0A95352F8E18}.Release|Any CPU.Build.0 = Release|Any CPU
		{75E0E57F-4A11-4ED2-8788-64F37FEE7A89}.Debug|Any CPU.ActiveCfg = Debug|Any CPU
		{75E0E57F-4A11-4ED2-8788-64F37FEE7A89}.Debug|Any CPU.Build.0 = Debug|Any CPU
		{75E0E57F-4A11-4ED2-8788-64F37FEE7A89}.Release|Any CPU.ActiveCfg = Release|Any CPU
		{75E0E57F-4A11-4ED2-8788-64F37FEE7A89}.Release|Any CPU.Build.0 = Release|Any CPU
		{156B599F-42A1-4A3C-AB99-6DCE69A741CC}.Debug|Any CPU.ActiveCfg = Debug|Any CPU
		{156B599F-42A1-4A3C-AB99-6DCE69A741CC}.Debug|Any CPU.Build.0 = Debug|Any CPU
		{156B599F-42A1-4A3C-AB99-6DCE69A741CC}.Release|Any CPU.ActiveCfg = Release|Any CPU
		{156B599F-42A1-4A3C-AB99-6DCE69A741CC}.Release|Any CPU.Build.0 = Release|Any CPU
		{F1ACA8E4-0A99-476D-BAC3-981B561476DB}.Debug|Any CPU.ActiveCfg = Debug|Any CPU
		{F1ACA8E4-0A99-476D-BAC3-981B561476DB}.Debug|Any CPU.Build.0 = Debug|Any CPU
		{F1ACA8E4-0A99-476D-BAC3-981B561476DB}.Release|Any CPU.ActiveCfg = Release|Any CPU
		{F1ACA8E4-0A99-476D-BAC3-981B561476DB}.Release|Any CPU.Build.0 = Release|Any CPU
	EndGlobalSection
	GlobalSection(SolutionProperties) = preSolution
		HideSolutionNode = FALSE
	EndGlobalSection
	GlobalSection(ExtensibilityGlobals) = postSolution
		SolutionGuid = {378F5CA3-14DC-43F3-B3CA-7D9C2DDF26AF}
	EndGlobalSection
EndGlobal
