
Microsoft Visual Studio Solution File, Format Version 12.00
# Visual Studio Version 16
VisualStudioVersion = 16.0.29911.98
MinimumVisualStudioVersion = 10.0.40219.1
Project("{9A19103F-16F7-4668-BE54-9A1E7A4F7556}") = "Fanda.Repository", "Fanda.Repository\Fanda.Repository.csproj", "{5FFA524D-D5CE-45D5-90DB-08B115D06A9A}"
EndProject
Project("{9A19103F-16F7-4668-BE54-9A1E7A4F7556}") = "Fanda.Models", "Fanda.Models\Fanda.Models.csproj", "{4BB505B2-BEB4-4FED-AAC5-68A753BDCB95}"
EndProject
Project("{9A19103F-16F7-4668-BE54-9A1E7A4F7556}") = "Fanda.Shared", "Fanda.Shared\Fanda.Shared.csproj", "{22A5D35E-ED75-4BC7-AD46-C9BAC976F7C3}"
EndProject
Project("{9A19103F-16F7-4668-BE54-9A1E7A4F7556}") = "Fanda.Dto", "Fanda.Dto\Fanda.Dto.csproj", "{9C1A5085-3949-4065-8C45-0A95352F8E18}"
EndProject
Project("{9A19103F-16F7-4668-BE54-9A1E7A4F7556}") = "FandaTabler", "FandaTabler\FandaTabler.csproj", "{75E0E57F-4A11-4ED2-8788-64F37FEE7A89}"
EndProject
Project("{9A19103F-16F7-4668-BE54-9A1E7A4F7556}") = "DataTables.Queryable", "DataTables.Queryable\DataTables.Queryable.csproj", "{156B599F-42A1-4A3C-AB99-6DCE69A741CC}"
EndProject
Project("{2150E333-8FDC-42A3-9474-1A3956D46DE8}") = "Solution Items", "Solution Items", "{C50D53FB-14E4-4B30-88DB-7457FC058E76}"
	ProjectSection(SolutionItems) = preProject
		.editorconfig = .editorconfig
		Readme.md = Readme.md
	EndProjectSection
EndProject
Project("{9A19103F-16F7-4668-BE54-9A1E7A4F7556}") = "FandaCoreUI", "FandaCoreUI\FandaCoreUI.csproj", "{D459465E-6043-4B96-996E-746B958D35B7}"
EndProject
Project("{2150E333-8FDC-42A3-9474-1A3956D46DE8}") = "Test", "Test", "{BB267BE1-1BD0-4FFE-9E8A-2086D6BF7BC0}"
EndProject
Project("{9A19103F-16F7-4668-BE54-9A1E7A4F7556}") = "Fanda.Tests", "Fanda.Test\Fanda.Tests.csproj", "{322FA2C3-D797-4988-9C3A-4298031750B3}"
EndProject
Project("{9A19103F-16F7-4668-BE54-9A1E7A4F7556}") = "Fanda.Ng", "Fanda.Ng\Fanda.Ng.csproj", "{92A5ECD3-394C-49B5-93EB-68B3880C872E}"
EndProject
Global
	GlobalSection(SolutionConfigurationPlatforms) = preSolution
		Debug|Any CPU = Debug|Any CPU
		Release|Any CPU = Release|Any CPU
	EndGlobalSection
	GlobalSection(ProjectConfigurationPlatforms) = postSolution
		{5FFA524D-D5CE-45D5-90DB-08B115D06A9A}.Debug|Any CPU.ActiveCfg = Debug|Any CPU
		{5FFA524D-D5CE-45D5-90DB-08B115D06A9A}.Debug|Any CPU.Build.0 = Debug|Any CPU
		{5FFA524D-D5CE-45D5-90DB-08B115D06A9A}.Release|Any CPU.ActiveCfg = Release|Any CPU
		{5FFA524D-D5CE-45D5-90DB-08B115D06A9A}.Release|Any CPU.Build.0 = Release|Any CPU
		{4BB505B2-BEB4-4FED-AAC5-68A753BDCB95}.Debug|Any CPU.ActiveCfg = Debug|Any CPU
		{4BB505B2-BEB4-4FED-AAC5-68A753BDCB95}.Debug|Any CPU.Build.0 = Debug|Any CPU
		{4BB505B2-BEB4-4FED-AAC5-68A753BDCB95}.Release|Any CPU.ActiveCfg = Release|Any CPU
		{4BB505B2-BEB4-4FED-AAC5-68A753BDCB95}.Release|Any CPU.Build.0 = Release|Any CPU
		{22A5D35E-ED75-4BC7-AD46-C9BAC976F7C3}.Debug|Any CPU.ActiveCfg = Debug|Any CPU
		{22A5D35E-ED75-4BC7-AD46-C9BAC976F7C3}.Debug|Any CPU.Build.0 = Debug|Any CPU
		{22A5D35E-ED75-4BC7-AD46-C9BAC976F7C3}.Release|Any CPU.ActiveCfg = Release|Any CPU
		{22A5D35E-ED75-4BC7-AD46-C9BAC976F7C3}.Release|Any CPU.Build.0 = Release|Any CPU
		{9C1A5085-3949-4065-8C45-0A95352F8E18}.Debug|Any CPU.ActiveCfg = Debug|Any CPU
		{9C1A5085-3949-4065-8C45-0A95352F8E18}.Debug|Any CPU.Build.0 = Debug|Any CPU
		{9C1A5085-3949-4065-8C45-0A95352F8E18}.Release|Any CPU.ActiveCfg = Release|Any CPU
		{9C1A5085-3949-4065-8C45-0A95352F8E18}.Release|Any CPU.Build.0 = Release|Any CPU
		{75E0E57F-4A11-4ED2-8788-64F37FEE7A89}.Debug|Any CPU.ActiveCfg = Debug|Any CPU
		{75E0E57F-4A11-4ED2-8788-64F37FEE7A89}.Debug|Any CPU.Build.0 = Debug|Any CPU
		{75E0E57F-4A11-4ED2-8788-64F37FEE7A89}.Release|Any CPU.ActiveCfg = Release|Any CPU
		{75E0E57F-4A11-4ED2-8788-64F37FEE7A89}.Release|Any CPU.Build.0 = Release|Any CPU
		{156B599F-42A1-4A3C-AB99-6DCE69A741CC}.Debug|Any CPU.ActiveCfg = Debug|Any CPU
		{156B599F-42A1-4A3C-AB99-6DCE69A741CC}.Debug|Any CPU.Build.0 = Debug|Any CPU
		{156B599F-42A1-4A3C-AB99-6DCE69A741CC}.Release|Any CPU.ActiveCfg = Release|Any CPU
		{156B599F-42A1-4A3C-AB99-6DCE69A741CC}.Release|Any CPU.Build.0 = Release|Any CPU
		{D459465E-6043-4B96-996E-746B958D35B7}.Debug|Any CPU.ActiveCfg = Debug|Any CPU
		{D459465E-6043-4B96-996E-746B958D35B7}.Debug|Any CPU.Build.0 = Debug|Any CPU
		{D459465E-6043-4B96-996E-746B958D35B7}.Release|Any CPU.ActiveCfg = Release|Any CPU
		{D459465E-6043-4B96-996E-746B958D35B7}.Release|Any CPU.Build.0 = Release|Any CPU
		{322FA2C3-D797-4988-9C3A-4298031750B3}.Debug|Any CPU.ActiveCfg = Debug|Any CPU
		{322FA2C3-D797-4988-9C3A-4298031750B3}.Debug|Any CPU.Build.0 = Debug|Any CPU
		{322FA2C3-D797-4988-9C3A-4298031750B3}.Release|Any CPU.ActiveCfg = Release|Any CPU
		{322FA2C3-D797-4988-9C3A-4298031750B3}.Release|Any CPU.Build.0 = Release|Any CPU
		{92A5ECD3-394C-49B5-93EB-68B3880C872E}.Debug|Any CPU.ActiveCfg = Debug|Any CPU
		{92A5ECD3-394C-49B5-93EB-68B3880C872E}.Debug|Any CPU.Build.0 = Debug|Any CPU
		{92A5ECD3-394C-49B5-93EB-68B3880C872E}.Release|Any CPU.ActiveCfg = Release|Any CPU
		{92A5ECD3-394C-49B5-93EB-68B3880C872E}.Release|Any CPU.Build.0 = Release|Any CPU
	EndGlobalSection
	GlobalSection(SolutionProperties) = preSolution
		HideSolutionNode = FALSE
	EndGlobalSection
	GlobalSection(NestedProjects) = preSolution
		{322FA2C3-D797-4988-9C3A-4298031750B3} = {BB267BE1-1BD0-4FFE-9E8A-2086D6BF7BC0}
	EndGlobalSection
	GlobalSection(ExtensibilityGlobals) = postSolution
		SolutionGuid = {378F5CA3-14DC-43F3-B3CA-7D9C2DDF26AF}
	EndGlobalSection
EndGlobal
