
Microsoft Visual Studio Solution File, Format Version 12.00
# Visual Studio 15
VisualStudioVersion = 15.0.27428.2015
MinimumVisualStudioVersion = 10.0.40219.1
Project("{9A19103F-16F7-4668-BE54-9A1E7A4F7556}") = "Fanda.Api", "Fanda.Api\Fanda.Api.csproj", "{D8834971-D00B-4EF3-B0F8-3EA3F7206EA8}"
EndProject
Project("{9A19103F-16F7-4668-BE54-9A1E7A4F7556}") = "Fanda.Data", "Fanda.Data\Fanda.Data.csproj", "{F9314818-CC38-4C75-9D33-710CD100718F}"
EndProject
Project("{9A19103F-16F7-4668-BE54-9A1E7A4F7556}") = "Fanda.ViewModel", "Fanda.ViewModel\Fanda.ViewModel.csproj", "{6F0F77AC-1531-4EEF-8145-967A11802A0F}"
EndProject
Project("{9A19103F-16F7-4668-BE54-9A1E7A4F7556}") = "Fanda.Common", "Fanda.Common\Fanda.Common.csproj", "{3A0E5BE6-A0C9-460E-9A2D-B13784773FBF}"
EndProject
Project("{9A19103F-16F7-4668-BE54-9A1E7A4F7556}") = "Fanda.Service", "Fanda.Service\Fanda.Service.csproj", "{AF16AC13-A8D7-445F-82B9-378154A74426}"
EndProject
Project("{2150E333-8FDC-42A3-9474-1A3956D46DE8}") = "libs", "libs", "{398E2D31-B619-4DA6-B3A6-8132B331731F}"
EndProject
Project("{2150E333-8FDC-42A3-9474-1A3956D46DE8}") = "web", "web", "{0F0F8251-6413-489A-AB75-B73B239F8FDC}"
EndProject
Project("{9A19103F-16F7-4668-BE54-9A1E7A4F7556}") = "Fanda.Web", "Fanda.Web\Fanda.Web.csproj", "{7C038A02-AB82-4A0D-A51C-4226AAFBC0FA}"
EndProject
Project("{2150E333-8FDC-42A3-9474-1A3956D46DE8}") = "test", "test", "{9D3CD087-A072-4F28-BA2B-9678D3D1014C}"
EndProject
Project("{9A19103F-16F7-4668-BE54-9A1E7A4F7556}") = "Fanda.Tests", "Fanda.Tests\Fanda.Tests.csproj", "{5B359D69-8B94-40B9-A092-0587858971B8}"
EndProject
Global
	GlobalSection(SolutionConfigurationPlatforms) = preSolution
		Debug|Any CPU = Debug|Any CPU
		Release|Any CPU = Release|Any CPU
	EndGlobalSection
	GlobalSection(ProjectConfigurationPlatforms) = postSolution
		{D8834971-D00B-4EF3-B0F8-3EA3F7206EA8}.Debug|Any CPU.ActiveCfg = Debug|Any CPU
		{D8834971-D00B-4EF3-B0F8-3EA3F7206EA8}.Debug|Any CPU.Build.0 = Debug|Any CPU
		{D8834971-D00B-4EF3-B0F8-3EA3F7206EA8}.Release|Any CPU.ActiveCfg = Release|Any CPU
		{D8834971-D00B-4EF3-B0F8-3EA3F7206EA8}.Release|Any CPU.Build.0 = Release|Any CPU
		{F9314818-CC38-4C75-9D33-710CD100718F}.Debug|Any CPU.ActiveCfg = Debug|Any CPU
		{F9314818-CC38-4C75-9D33-710CD100718F}.Debug|Any CPU.Build.0 = Debug|Any CPU
		{F9314818-CC38-4C75-9D33-710CD100718F}.Release|Any CPU.ActiveCfg = Release|Any CPU
		{F9314818-CC38-4C75-9D33-710CD100718F}.Release|Any CPU.Build.0 = Release|Any CPU
		{6F0F77AC-1531-4EEF-8145-967A11802A0F}.Debug|Any CPU.ActiveCfg = Debug|Any CPU
		{6F0F77AC-1531-4EEF-8145-967A11802A0F}.Debug|Any CPU.Build.0 = Debug|Any CPU
		{6F0F77AC-1531-4EEF-8145-967A11802A0F}.Release|Any CPU.ActiveCfg = Release|Any CPU
		{6F0F77AC-1531-4EEF-8145-967A11802A0F}.Release|Any CPU.Build.0 = Release|Any CPU
		{3A0E5BE6-A0C9-460E-9A2D-B13784773FBF}.Debug|Any CPU.ActiveCfg = Debug|Any CPU
		{3A0E5BE6-A0C9-460E-9A2D-B13784773FBF}.Debug|Any CPU.Build.0 = Debug|Any CPU
		{3A0E5BE6-A0C9-460E-9A2D-B13784773FBF}.Release|Any CPU.ActiveCfg = Release|Any CPU
		{3A0E5BE6-A0C9-460E-9A2D-B13784773FBF}.Release|Any CPU.Build.0 = Release|Any CPU
		{AF16AC13-A8D7-445F-82B9-378154A74426}.Debug|Any CPU.ActiveCfg = Debug|Any CPU
		{AF16AC13-A8D7-445F-82B9-378154A74426}.Debug|Any CPU.Build.0 = Debug|Any CPU
		{AF16AC13-A8D7-445F-82B9-378154A74426}.Release|Any CPU.ActiveCfg = Release|Any CPU
		{AF16AC13-A8D7-445F-82B9-378154A74426}.Release|Any CPU.Build.0 = Release|Any CPU
		{7C038A02-AB82-4A0D-A51C-4226AAFBC0FA}.Debug|Any CPU.ActiveCfg = Debug|Any CPU
		{7C038A02-AB82-4A0D-A51C-4226AAFBC0FA}.Debug|Any CPU.Build.0 = Debug|Any CPU
		{7C038A02-AB82-4A0D-A51C-4226AAFBC0FA}.Release|Any CPU.ActiveCfg = Release|Any CPU
		{7C038A02-AB82-4A0D-A51C-4226AAFBC0FA}.Release|Any CPU.Build.0 = Release|Any CPU
		{5B359D69-8B94-40B9-A092-0587858971B8}.Debug|Any CPU.ActiveCfg = Debug|Any CPU
		{5B359D69-8B94-40B9-A092-0587858971B8}.Debug|Any CPU.Build.0 = Debug|Any CPU
		{5B359D69-8B94-40B9-A092-0587858971B8}.Release|Any CPU.ActiveCfg = Release|Any CPU
		{5B359D69-8B94-40B9-A092-0587858971B8}.Release|Any CPU.Build.0 = Release|Any CPU
	EndGlobalSection
	GlobalSection(SolutionProperties) = preSolution
		HideSolutionNode = FALSE
	EndGlobalSection
	GlobalSection(NestedProjects) = preSolution
		{D8834971-D00B-4EF3-B0F8-3EA3F7206EA8} = {0F0F8251-6413-489A-AB75-B73B239F8FDC}
		{F9314818-CC38-4C75-9D33-710CD100718F} = {398E2D31-B619-4DA6-B3A6-8132B331731F}
		{6F0F77AC-1531-4EEF-8145-967A11802A0F} = {398E2D31-B619-4DA6-B3A6-8132B331731F}
		{3A0E5BE6-A0C9-460E-9A2D-B13784773FBF} = {398E2D31-B619-4DA6-B3A6-8132B331731F}
		{AF16AC13-A8D7-445F-82B9-378154A74426} = {398E2D31-B619-4DA6-B3A6-8132B331731F}
		{7C038A02-AB82-4A0D-A51C-4226AAFBC0FA} = {0F0F8251-6413-489A-AB75-B73B239F8FDC}
		{5B359D69-8B94-40B9-A092-0587858971B8} = {9D3CD087-A072-4F28-BA2B-9678D3D1014C}
	EndGlobalSection
	GlobalSection(ExtensibilityGlobals) = postSolution
		SolutionGuid = {CD3D734C-D297-4895-AE25-6B48FD87C1CA}
	EndGlobalSection
EndGlobal
